
Microsoft Visual Studio Solution File, Format Version 12.00
# Visual Studio Version 16
VisualStudioVersion = 16.0.35130.168
MinimumVisualStudioVersion = 10.0.40219.1
Project("{FAE04EC0-301F-11D3-BF4B-00C04F79EFBC}") = "IMPUESTOS PAREJAS", "IMPUESTOS PAREJAS\IMPUESTOS PAREJAS.csproj", "{621A279E-97EE-4EB2-A493-8568BF276FCA}"
EndProject
Global
	GlobalSection(SolutionConfigurationPlatforms) = preSolution
		Debug|Any CPU = Debug|Any CPU
		Release|Any CPU = Release|Any CPU
	EndGlobalSection
	GlobalSection(ProjectConfigurationPlatforms) = postSolution
		{621A279E-97EE-4EB2-A493-8568BF276FCA}.Debug|Any CPU.ActiveCfg = Debug|Any CPU
		{621A279E-97EE-4EB2-A493-8568BF276FCA}.Debug|Any CPU.Build.0 = Debug|Any CPU
		{621A279E-97EE-4EB2-A493-8568BF276FCA}.Release|Any CPU.ActiveCfg = Release|Any CPU
		{621A279E-97EE-4EB2-A493-8568BF276FCA}.Release|Any CPU.Build.0 = Release|Any CPU
	EndGlobalSection
	GlobalSection(SolutionProperties) = preSolution
		HideSolutionNode = FALSE
	EndGlobalSection
	GlobalSection(ExtensibilityGlobals) = postSolution
		SolutionGuid = {2B101C0D-1766-4488-859F-73CF9680B5D4}
	EndGlobalSection
EndGlobal
