
Microsoft Visual Studio Solution File, Format Version 12.00
# Visual Studio Version 16
VisualStudioVersion = 16.0.35130.168
MinimumVisualStudioVersion = 10.0.40219.1
Project("{FAE04EC0-301F-11D3-BF4B-00C04F79EFBC}") = "MATRIZ BIDIMENSIONAL", "MATRIZ BIDIMENSIONAL\MATRIZ BIDIMENSIONAL.csproj", "{AB64550E-794C-420E-8D8B-667DA144645D}"
EndProject
Global
	GlobalSection(SolutionConfigurationPlatforms) = preSolution
		Debug|Any CPU = Debug|Any CPU
		Release|Any CPU = Release|Any CPU
	EndGlobalSection
	GlobalSection(ProjectConfigurationPlatforms) = postSolution
		{AB64550E-794C-420E-8D8B-667DA144645D}.Debug|Any CPU.ActiveCfg = Debug|Any CPU
		{AB64550E-794C-420E-8D8B-667DA144645D}.Debug|Any CPU.Build.0 = Debug|Any CPU
		{AB64550E-794C-420E-8D8B-667DA144645D}.Release|Any CPU.ActiveCfg = Release|Any CPU
		{AB64550E-794C-420E-8D8B-667DA144645D}.Release|Any CPU.Build.0 = Release|Any CPU
	EndGlobalSection
	GlobalSection(SolutionProperties) = preSolution
		HideSolutionNode = FALSE
	EndGlobalSection
	GlobalSection(ExtensibilityGlobals) = postSolution
		SolutionGuid = {7A6303BD-217F-4072-BBE9-4267F2D75248}
	EndGlobalSection
EndGlobal
