
Microsoft Visual Studio Solution File, Format Version 12.00
# Visual Studio Version 16
VisualStudioVersion = 16.0.35130.168
MinimumVisualStudioVersion = 10.0.40219.1
Project("{FAE04EC0-301F-11D3-BF4B-00C04F79EFBC}") = "IMPUESTO PARCIAL", "IMPUESTO PARCIAL\IMPUESTO PARCIAL.csproj", "{A9F56563-9F3D-4945-AB38-F7F1A0047DC9}"
EndProject
Global
	GlobalSection(SolutionConfigurationPlatforms) = preSolution
		Debug|Any CPU = Debug|Any CPU
		Release|Any CPU = Release|Any CPU
	EndGlobalSection
	GlobalSection(ProjectConfigurationPlatforms) = postSolution
		{A9F56563-9F3D-4945-AB38-F7F1A0047DC9}.Debug|Any CPU.ActiveCfg = Debug|Any CPU
		{A9F56563-9F3D-4945-AB38-F7F1A0047DC9}.Debug|Any CPU.Build.0 = Debug|Any CPU
		{A9F56563-9F3D-4945-AB38-F7F1A0047DC9}.Release|Any CPU.ActiveCfg = Release|Any CPU
		{A9F56563-9F3D-4945-AB38-F7F1A0047DC9}.Release|Any CPU.Build.0 = Release|Any CPU
	EndGlobalSection
	GlobalSection(SolutionProperties) = preSolution
		HideSolutionNode = FALSE
	EndGlobalSection
	GlobalSection(ExtensibilityGlobals) = postSolution
		SolutionGuid = {5435EFE0-5DCA-4B7E-8DF8-6D15DC648938}
	EndGlobalSection
EndGlobal
