
Microsoft Visual Studio Solution File, Format Version 12.00
# Visual Studio Version 16
VisualStudioVersion = 16.0.35130.168
MinimumVisualStudioVersion = 10.0.40219.1
Project("{FAE04EC0-301F-11D3-BF4B-00C04F79EFBC}") = "ejemplo de funciones", "ejemplo de funciones\ejemplo de funciones.csproj", "{014CA571-54A2-419E-BC90-5BFB5A5DF3D1}"
EndProject
Global
	GlobalSection(SolutionConfigurationPlatforms) = preSolution
		Debug|Any CPU = Debug|Any CPU
		Release|Any CPU = Release|Any CPU
	EndGlobalSection
	GlobalSection(ProjectConfigurationPlatforms) = postSolution
		{014CA571-54A2-419E-BC90-5BFB5A5DF3D1}.Debug|Any CPU.ActiveCfg = Debug|Any CPU
		{014CA571-54A2-419E-BC90-5BFB5A5DF3D1}.Debug|Any CPU.Build.0 = Debug|Any CPU
		{014CA571-54A2-419E-BC90-5BFB5A5DF3D1}.Release|Any CPU.ActiveCfg = Release|Any CPU
		{014CA571-54A2-419E-BC90-5BFB5A5DF3D1}.Release|Any CPU.Build.0 = Release|Any CPU
	EndGlobalSection
	GlobalSection(SolutionProperties) = preSolution
		HideSolutionNode = FALSE
	EndGlobalSection
	GlobalSection(ExtensibilityGlobals) = postSolution
		SolutionGuid = {861E2991-66B6-418C-8566-0ACB2F87ECA8}
	EndGlobalSection
EndGlobal
