
Microsoft Visual Studio Solution File, Format Version 12.00
# Visual Studio Version 16
VisualStudioVersion = 16.0.35130.168
MinimumVisualStudioVersion = 10.0.40219.1
Project("{FAE04EC0-301F-11D3-BF4B-00C04F79EFBC}") = "PEDIR AL USUARIO SI ES MAYOR O MENOR DE EDAD", "PEDIR AL USUARIO SI ES MAYOR O MENOR DE EDAD\PEDIR AL USUARIO SI ES MAYOR O MENOR DE EDAD.csproj", "{575B04DB-D7C8-4182-9176-E7BCCD8E3B5D}"
EndProject
Global
	GlobalSection(SolutionConfigurationPlatforms) = preSolution
		Debug|Any CPU = Debug|Any CPU
		Release|Any CPU = Release|Any CPU
	EndGlobalSection
	GlobalSection(ProjectConfigurationPlatforms) = postSolution
		{575B04DB-D7C8-4182-9176-E7BCCD8E3B5D}.Debug|Any CPU.ActiveCfg = Debug|Any CPU
		{575B04DB-D7C8-4182-9176-E7BCCD8E3B5D}.Debug|Any CPU.Build.0 = Debug|Any CPU
		{575B04DB-D7C8-4182-9176-E7BCCD8E3B5D}.Release|Any CPU.ActiveCfg = Release|Any CPU
		{575B04DB-D7C8-4182-9176-E7BCCD8E3B5D}.Release|Any CPU.Build.0 = Release|Any CPU
	EndGlobalSection
	GlobalSection(SolutionProperties) = preSolution
		HideSolutionNode = FALSE
	EndGlobalSection
	GlobalSection(ExtensibilityGlobals) = postSolution
		SolutionGuid = {D5BA14FF-3860-4511-A439-905076ED2159}
	EndGlobalSection
EndGlobal
