
Microsoft Visual Studio Solution File, Format Version 12.00
# Visual Studio Version 16
VisualStudioVersion = 16.0.35130.168
MinimumVisualStudioVersion = 10.0.40219.1
Project("{FAE04EC0-301F-11D3-BF4B-00C04F79EFBC}") = "DETERMINAR UNA SERIE DE NUMEROS", "DETERMINAR UNA SERIE DE NUMEROS\DETERMINAR UNA SERIE DE NUMEROS.csproj", "{8E07212E-4BC6-42F9-A6CF-CD7D4F0C7097}"
EndProject
Global
	GlobalSection(SolutionConfigurationPlatforms) = preSolution
		Debug|Any CPU = Debug|Any CPU
		Release|Any CPU = Release|Any CPU
	EndGlobalSection
	GlobalSection(ProjectConfigurationPlatforms) = postSolution
		{8E07212E-4BC6-42F9-A6CF-CD7D4F0C7097}.Debug|Any CPU.ActiveCfg = Debug|Any CPU
		{8E07212E-4BC6-42F9-A6CF-CD7D4F0C7097}.Debug|Any CPU.Build.0 = Debug|Any CPU
		{8E07212E-4BC6-42F9-A6CF-CD7D4F0C7097}.Release|Any CPU.ActiveCfg = Release|Any CPU
		{8E07212E-4BC6-42F9-A6CF-CD7D4F0C7097}.Release|Any CPU.Build.0 = Release|Any CPU
	EndGlobalSection
	GlobalSection(SolutionProperties) = preSolution
		HideSolutionNode = FALSE
	EndGlobalSection
	GlobalSection(ExtensibilityGlobals) = postSolution
		SolutionGuid = {4C57CE30-0720-4781-BA55-42CDB32E083D}
	EndGlobalSection
EndGlobal
