
Microsoft Visual Studio Solution File, Format Version 12.00
# Visual Studio Version 16
VisualStudioVersion = 16.0.35130.168
MinimumVisualStudioVersion = 10.0.40219.1
Project("{FAE04EC0-301F-11D3-BF4B-00C04F79EFBC}") = "ESTRUCTURA DE CONTROL CON EDAD", "ESTRUCTURA DE CONTROL CON EDAD\ESTRUCTURA DE CONTROL CON EDAD.csproj", "{1EB6ECDB-86CB-4C30-A3AA-881D8075B0D9}"
EndProject
Global
	GlobalSection(SolutionConfigurationPlatforms) = preSolution
		Debug|Any CPU = Debug|Any CPU
		Release|Any CPU = Release|Any CPU
	EndGlobalSection
	GlobalSection(ProjectConfigurationPlatforms) = postSolution
		{1EB6ECDB-86CB-4C30-A3AA-881D8075B0D9}.Debug|Any CPU.ActiveCfg = Debug|Any CPU
		{1EB6ECDB-86CB-4C30-A3AA-881D8075B0D9}.Debug|Any CPU.Build.0 = Debug|Any CPU
		{1EB6ECDB-86CB-4C30-A3AA-881D8075B0D9}.Release|Any CPU.ActiveCfg = Release|Any CPU
		{1EB6ECDB-86CB-4C30-A3AA-881D8075B0D9}.Release|Any CPU.Build.0 = Release|Any CPU
	EndGlobalSection
	GlobalSection(SolutionProperties) = preSolution
		HideSolutionNode = FALSE
	EndGlobalSection
	GlobalSection(ExtensibilityGlobals) = postSolution
		SolutionGuid = {1D923927-8B52-44FA-A471-B4152BE0922F}
	EndGlobalSection
EndGlobal
