
Microsoft Visual Studio Solution File, Format Version 12.00
# Visual Studio Version 16
VisualStudioVersion = 16.0.35130.168
MinimumVisualStudioVersion = 10.0.40219.1
Project("{FAE04EC0-301F-11D3-BF4B-00C04F79EFBC}") = "Creación de Mi Primer Proyecto", "Creación de Mi Primer Proyecto\Creación de Mi Primer Proyecto.csproj", "{F91F97CC-3210-4DB3-A900-B5AB52037648}"
EndProject
Global
	GlobalSection(SolutionConfigurationPlatforms) = preSolution
		Debug|Any CPU = Debug|Any CPU
		Release|Any CPU = Release|Any CPU
	EndGlobalSection
	GlobalSection(ProjectConfigurationPlatforms) = postSolution
		{F91F97CC-3210-4DB3-A900-B5AB52037648}.Debug|Any CPU.ActiveCfg = Debug|Any CPU
		{F91F97CC-3210-4DB3-A900-B5AB52037648}.Debug|Any CPU.Build.0 = Debug|Any CPU
		{F91F97CC-3210-4DB3-A900-B5AB52037648}.Release|Any CPU.ActiveCfg = Release|Any CPU
		{F91F97CC-3210-4DB3-A900-B5AB52037648}.Release|Any CPU.Build.0 = Release|Any CPU
	EndGlobalSection
	GlobalSection(SolutionProperties) = preSolution
		HideSolutionNode = FALSE
	EndGlobalSection
	GlobalSection(ExtensibilityGlobals) = postSolution
		SolutionGuid = {D18386EB-6902-4F5E-999C-521843861EE8}
	EndGlobalSection
EndGlobal
