
Microsoft Visual Studio Solution File, Format Version 12.00
# Visual Studio Version 16
VisualStudioVersion = 16.0.35130.168
MinimumVisualStudioVersion = 10.0.40219.1
Project("{FAE04EC0-301F-11D3-BF4B-00C04F79EFBC}") = "sueldo neto, deducciones de ley", "sueldo neto, deducciones de ley\sueldo neto, deducciones de ley.csproj", "{472D1AD7-16F9-4A0D-8FD7-93E65D47DAA0}"
EndProject
Global
	GlobalSection(SolutionConfigurationPlatforms) = preSolution
		Debug|Any CPU = Debug|Any CPU
		Release|Any CPU = Release|Any CPU
	EndGlobalSection
	GlobalSection(ProjectConfigurationPlatforms) = postSolution
		{472D1AD7-16F9-4A0D-8FD7-93E65D47DAA0}.Debug|Any CPU.ActiveCfg = Debug|Any CPU
		{472D1AD7-16F9-4A0D-8FD7-93E65D47DAA0}.Debug|Any CPU.Build.0 = Debug|Any CPU
		{472D1AD7-16F9-4A0D-8FD7-93E65D47DAA0}.Release|Any CPU.ActiveCfg = Release|Any CPU
		{472D1AD7-16F9-4A0D-8FD7-93E65D47DAA0}.Release|Any CPU.Build.0 = Release|Any CPU
	EndGlobalSection
	GlobalSection(SolutionProperties) = preSolution
		HideSolutionNode = FALSE
	EndGlobalSection
	GlobalSection(ExtensibilityGlobals) = postSolution
		SolutionGuid = {218ADD13-9584-4E69-A5BE-F9567DE787A2}
	EndGlobalSection
EndGlobal
